
Microsoft Visual Studio Solution File, Format Version 12.00
# Visual Studio Version 16
VisualStudioVersion = 16.0.29806.167
MinimumVisualStudioVersion = 10.0.40219.1
Project("{FAE04EC0-301F-11D3-BF4B-00C04F79EFBC}") = "MiniParser", "MiniParser\MiniParser.csproj", "{CC5F7CDA-35A3-4A48-A8A7-423FE2B00364}"
EndProject
Project("{FAE04EC0-301F-11D3-BF4B-00C04F79EFBC}") = "MiniParser.Tests", "MiniParser.Tests\MiniParser.Tests.csproj", "{129E13B3-6917-41BD-AE80-7D9D0C298CBD}"
EndProject
Global
	GlobalSection(SolutionConfigurationPlatforms) = preSolution
		Debug|Any CPU = Debug|Any CPU
		Release|Any CPU = Release|Any CPU
	EndGlobalSection
	GlobalSection(ProjectConfigurationPlatforms) = postSolution
		{CC5F7CDA-35A3-4A48-A8A7-423FE2B00364}.Debug|Any CPU.ActiveCfg = Debug|Any CPU
		{CC5F7CDA-35A3-4A48-A8A7-423FE2B00364}.Debug|Any CPU.Build.0 = Debug|Any CPU
		{CC5F7CDA-35A3-4A48-A8A7-423FE2B00364}.Release|Any CPU.ActiveCfg = Release|Any CPU
		{CC5F7CDA-35A3-4A48-A8A7-423FE2B00364}.Release|Any CPU.Build.0 = Release|Any CPU
		{129E13B3-6917-41BD-AE80-7D9D0C298CBD}.Debug|Any CPU.ActiveCfg = Debug|Any CPU
		{129E13B3-6917-41BD-AE80-7D9D0C298CBD}.Debug|Any CPU.Build.0 = Debug|Any CPU
		{129E13B3-6917-41BD-AE80-7D9D0C298CBD}.Release|Any CPU.ActiveCfg = Release|Any CPU
		{129E13B3-6917-41BD-AE80-7D9D0C298CBD}.Release|Any CPU.Build.0 = Release|Any CPU
	EndGlobalSection
	GlobalSection(SolutionProperties) = preSolution
		HideSolutionNode = FALSE
	EndGlobalSection
	GlobalSection(ExtensibilityGlobals) = postSolution
		SolutionGuid = {24AF19A0-4012-46A5-9EAE-32FF210B81E9}
	EndGlobalSection
EndGlobal
